
Microsoft Visual Studio Solution File, Format Version 12.00
# Visual Studio Version 17
VisualStudioVersion = 17.4.33110.190
MinimumVisualStudioVersion = 10.0.40219.1
Project("{8BC9CEB8-8B4A-11D0-8D11-00A0C91BC942}") = "123123", "123123\123123.vcxproj", "{D837B367-40F4-4C9E-B681-8DB19CC21188}"
EndProject
Global
	GlobalSection(SolutionConfigurationPlatforms) = preSolution
		Debug|x64 = Debug|x64
		Debug|x86 = Debug|x86
		Release|x64 = Release|x64
		Release|x86 = Release|x86
	EndGlobalSection
	GlobalSection(ProjectConfigurationPlatforms) = postSolution
		{D837B367-40F4-4C9E-B681-8DB19CC21188}.Debug|x64.ActiveCfg = Debug|x64
		{D837B367-40F4-4C9E-B681-8DB19CC21188}.Debug|x64.Build.0 = Debug|x64
		{D837B367-40F4-4C9E-B681-8DB19CC21188}.Debug|x86.ActiveCfg = Debug|Win32
		{D837B367-40F4-4C9E-B681-8DB19CC21188}.Debug|x86.Build.0 = Debug|Win32
		{D837B367-40F4-4C9E-B681-8DB19CC21188}.Release|x64.ActiveCfg = Release|x64
		{D837B367-40F4-4C9E-B681-8DB19CC21188}.Release|x64.Build.0 = Release|x64
		{D837B367-40F4-4C9E-B681-8DB19CC21188}.Release|x86.ActiveCfg = Release|Win32
		{D837B367-40F4-4C9E-B681-8DB19CC21188}.Release|x86.Build.0 = Release|Win32
	EndGlobalSection
	GlobalSection(SolutionProperties) = preSolution
		HideSolutionNode = FALSE
	EndGlobalSection
	GlobalSection(ExtensibilityGlobals) = postSolution
		SolutionGuid = {B193FF6D-0B87-496A-A931-C21F7C3CB1E3}
	EndGlobalSection
EndGlobal
